{
  "nodes": {
    "flake-utils": {
      "inputs": {
        "systems": "systems"
      },
      "locked": {
        "lastModified": 1694529238,
        "narHash": "sha256-zsNZZGTGnMOf9YpHKJqMSsa0dXbfmxeoJ7xHlrt+xmY=",
        "owner": "numtide",
        "repo": "flake-utils",
        "rev": "ff7b65b44d01cf9ba6a71320833626af21126384",
        "type": "github"
      },
      "original": {
        "owner": "numtide",
        "repo": "flake-utils",
        "type": "github"
      }
    },
    "home-manager": {
      "inputs": {
        "nixpkgs": [
          "nixpkgs"
        ]
      },
      "locked": {
        "lastModified": 1700419052,
        "narHash": "sha256-U6a5f9ynbzcp8PMIHULbHPkbwp7YfPKOYmTcLqlalD4=",
        "owner": "nix-community",
        "repo": "home-manager",
        "rev": "993fb02d20760067b8ee19c713d94cee07037759",
        "type": "github"
      },
      "original": {
        "owner": "nix-community",
        "repo": "home-manager",
        "type": "github"
      }
    },
    "nix-index-database": {
      "inputs": {
        "nixpkgs": [
          "nixpkgs"
        ]
      },
      "locked": {
        "lastModified": 1700363379,
        "narHash": "sha256-fBEVPFwSZ6AmBE1s1oT7E9WVuqRghruxTnSQ8UUlMkw=",
        "owner": "Mic92",
        "repo": "nix-index-database",
        "rev": "27920146e671a0d565aaa7452907383be14d8d82",
        "type": "github"
      },
      "original": {
        "owner": "Mic92",
        "repo": "nix-index-database",
        "type": "github"
      }
    },
    "nixgl": {
      "inputs": {
        "flake-utils": [
          "flake-utils"
        ],
        "nixpkgs": [
          "nixpkgs"
        ]
      },
      "locked": {
        "lastModified": 1685908677,
        "narHash": "sha256-E4zUPEUFyVWjVm45zICaHRpfGepfkE9Z2OECV9HXfA4=",
        "owner": "guibou",
        "repo": "nixGL",
        "rev": "489d6b095ab9d289fe11af0219a9ff00fe87c7c5",
        "type": "github"
      },
      "original": {
        "owner": "guibou",
        "repo": "nixGL",
        "type": "github"
      }
    },
    "nixos-hardware": {
      "locked": {
        "lastModified": 1700392353,
        "narHash": "sha256-KARn8aVJu5fdW0jdJYoOQ1SPqWlNdz4l7r90NbArWSY=",
        "owner": "NixOS",
        "repo": "nixos-hardware",
        "rev": "2b00bc76dc893cd996a3d76a2f059d657a5ef37a",
        "type": "github"
      },
      "original": {
        "owner": "NixOS",
        "repo": "nixos-hardware",
        "type": "github"
      }
    },
    "nixpkgs": {
      "locked": {
        "lastModified": 1700390070,
        "narHash": "sha256-de9KYi8rSJpqvBfNwscWdalIJXPo8NjdIZcEJum1mH0=",
        "owner": "NixOS",
        "repo": "nixpkgs",
        "rev": "e4ad989506ec7d71f7302cc3067abd82730a4beb",
        "type": "github"
      },
      "original": {
        "owner": "NixOS",
        "ref": "nixos-unstable",
        "repo": "nixpkgs",
        "type": "github"
      }
    },
    "rahul-config": {
      "inputs": {
        "darwin": [],
        "flu": [
          "flake-utils"
        ],
        "home-manager": [
          "home-manager"
        ],
        "impermanence": [],
        "nixos-hardware": [],
        "nixpkgs": [
          "nixpkgs"
        ],
        "ragenix": []
      },
      "locked": {
        "lastModified": 1662856717,
        "narHash": "sha256-/LEU7vfWAXywpmG680i3477bCefsHm3qOUEmED9ssFY=",
        "owner": "rrbutani",
        "repo": "nix-config",
        "rev": "10debc5e63422934977f879537b4555e6eda3288",
        "type": "github"
      },
      "original": {
        "owner": "rrbutani",
        "repo": "nix-config",
        "type": "github"
      }
    },
    "root": {
      "inputs": {
        "flake-utils": "flake-utils",
        "home-manager": "home-manager",
        "nix-index-database": "nix-index-database",
        "nixgl": "nixgl",
        "nixos-hardware": "nixos-hardware",
        "nixpkgs": "nixpkgs",
        "rahul-config": "rahul-config"
      }
    },
    "systems": {
      "locked": {
        "lastModified": 1681028828,
        "narHash": "sha256-Vy1rq5AaRuLzOxct8nz4T6wlgyUR7zLU309k9mBC768=",
        "owner": "nix-systems",
        "repo": "default",
        "rev": "da67096a3b9bf56a91d16901293e51ba5b49a27e",
        "type": "github"
      },
      "original": {
        "owner": "nix-systems",
        "repo": "default",
        "type": "github"
      }
    }
  },
  "root": "root",
  "version": 7
}
