{
  "nodes": {
    "flake-utils": {
      "inputs": {
        "systems": "systems"
      },
      "locked": {
        "lastModified": 1681202837,
        "narHash": "sha256-H+Rh19JDwRtpVPAWp64F+rlEtxUWBAQW28eAi3SRSzg=",
        "owner": "numtide",
        "repo": "flake-utils",
        "rev": "cfacdce06f30d2b68473a46042957675eebb3401",
        "type": "github"
      },
      "original": {
        "owner": "numtide",
        "repo": "flake-utils",
        "type": "github"
      }
    },
    "flu": {
      "locked": {
        "lastModified": 1659877975,
        "narHash": "sha256-zllb8aq3YO3h8B/U0/J1WBgAL8EX5yWf5pMj3G0NAmc=",
        "owner": "numtide",
        "repo": "flake-utils",
        "rev": "c0e246b9b83f637f4681389ecabcb2681b4f3af0",
        "type": "github"
      },
      "original": {
        "owner": "numtide",
        "repo": "flake-utils",
        "type": "github"
      }
    },
    "home-manager": {
      "inputs": {
        "nixpkgs": [
          "nixpkgs"
        ]
      },
      "locked": {
        "lastModified": 1685108129,
        "narHash": "sha256-6Jv6LxrLfaueHj095oBUKBk++eW4Ya0qfHwhQVQqyoo=",
        "owner": "nix-community",
        "repo": "home-manager",
        "rev": "bec196cd9b5f34213c7dc90ef2a524336df70e30",
        "type": "github"
      },
      "original": {
        "owner": "nix-community",
        "repo": "home-manager",
        "type": "github"
      }
    },
    "nix-index-database": {
      "inputs": {
        "nixpkgs": [
          "nixpkgs"
        ]
      },
      "locked": {
        "lastModified": 1683638468,
        "narHash": "sha256-tQEaGZfZ2Hpw+XIVEHaJ8FaF1yNQyMDDhUyIQ7LTIEg=",
        "owner": "Mic92",
        "repo": "nix-index-database",
        "rev": "219067a5e3cf4b9581c8b4fcfc59ecd5af953d07",
        "type": "github"
      },
      "original": {
        "owner": "Mic92",
        "repo": "nix-index-database",
        "type": "github"
      }
    },
    "nixos-hardware": {
      "locked": {
        "lastModified": 1662587984,
        "narHash": "sha256-fcfx8hEeAfQLzIQFy94/qADIHAhvDxk8t/QNJPXosy8=",
        "owner": "rrbutani",
        "repo": "nixos-hardware",
        "rev": "0ac5732b0e4c8ca8287c3451f272c3c4b1bea8b0",
        "type": "github"
      },
      "original": {
        "owner": "rrbutani",
        "ref": "master",
        "repo": "nixos-hardware",
        "type": "github"
      }
    },
    "nixpkgs": {
      "locked": {
        "lastModified": 1684935479,
        "narHash": "sha256-6QMMsXMr2nhmOPHdti2j3KRHt+bai2zw+LJfdCl97Mk=",
        "owner": "NixOS",
        "repo": "nixpkgs",
        "rev": "f91ee3065de91a3531329a674a45ddcb3467a650",
        "type": "github"
      },
      "original": {
        "owner": "NixOS",
        "ref": "nixos-unstable",
        "repo": "nixpkgs",
        "type": "github"
      }
    },
    "rahul-config": {
      "inputs": {
        "darwin": [],
        "flu": "flu",
        "home-manager": [
          "home-manager"
        ],
        "impermanence": [],
        "nixos-hardware": "nixos-hardware",
        "nixpkgs": [
          "nixpkgs"
        ],
        "ragenix": []
      },
      "locked": {
        "lastModified": 1662856717,
        "narHash": "sha256-/LEU7vfWAXywpmG680i3477bCefsHm3qOUEmED9ssFY=",
        "owner": "rrbutani",
        "repo": "nix-config",
        "rev": "10debc5e63422934977f879537b4555e6eda3288",
        "type": "github"
      },
      "original": {
        "owner": "rrbutani",
        "repo": "nix-config",
        "type": "github"
      }
    },
    "root": {
      "inputs": {
        "flake-utils": "flake-utils",
        "home-manager": "home-manager",
        "nix-index-database": "nix-index-database",
        "nixpkgs": "nixpkgs",
        "rahul-config": "rahul-config"
      }
    },
    "systems": {
      "locked": {
        "lastModified": 1681028828,
        "narHash": "sha256-Vy1rq5AaRuLzOxct8nz4T6wlgyUR7zLU309k9mBC768=",
        "owner": "nix-systems",
        "repo": "default",
        "rev": "da67096a3b9bf56a91d16901293e51ba5b49a27e",
        "type": "github"
      },
      "original": {
        "owner": "nix-systems",
        "repo": "default",
        "type": "github"
      }
    }
  },
  "root": "root",
  "version": 7
}
